// !$*UTF8*$!
{
	archiveVersion = 1;
	classes = {
	};
	objectVersion = 77;
	objects = {

/* Begin PBXBuildFile section */
		F0A0AC372F627912009A449C /* AudioCaptureApp.swift in Sources */ = {isa = PBXBuildFile; fileRef = F0A0AC332F627912009A449C /* AudioCaptureApp.swift */; };
		F0A0AC382F627912009A449C /* ContentView.swift in Sources */ = {isa = PBXBuildFile; fileRef = F0A0AC342F627912009A449C /* ContentView.swift */; };
		F0A0AC3A2F627912009A449C /* Assets.xcassets in Resources */ = {isa = PBXBuildFile; fileRef = F0A0AC322F627912009A449C /* Assets.xcassets */; };
		F0A0AC412F62792A009A449C /* RecordingSession.swift in Sources */ = {isa = PBXBuildFile; fileRef = F0A0AC3E2F62792A009A449C /* RecordingSession.swift */; };
		F0A0AC422F62792A009A449C /* Segment.swift in Sources */ = {isa = PBXBuildFile; fileRef = F0A0AC3F2F62792A009A449C /* Segment.swift */; };
		F0A0AC432F62792A009A449C /* Transcription.swift in Sources */ = {isa = PBXBuildFile; fileRef = F0A0AC402F62792A009A449C /* Transcription.swift */; };
		F0A0AC452F62794F009A449C /* PersistenceTypes.swift in Sources */ = {isa = PBXBuildFile; fileRef = F0A0AC442F62794F009A449C /* PersistenceTypes.swift */; };
		F0A0AC4F2F6279BC009A449C /* RecordingState.swift in Sources */ = {isa = PBXBuildFile; fileRef = F0A0AC4E2F6279BC009A449C /* RecordingState.swift */; };
		F0A0AC502F6279BC009A449C /* AudioCaptureError.swift in Sources */ = {isa = PBXBuildFile; fileRef = F0A0AC4C2F6279BC009A449C /* AudioCaptureError.swift */; };
		F0A0AC512F6279BC009A449C /* AudioSessionManager.swift in Sources */ = {isa = PBXBuildFile; fileRef = F0A0AC4D2F6279BC009A449C /* AudioSessionManager.swift */; };
		F0A0AC542F627D20009A449C /* AudioFileWriter.swift in Sources */ = {isa = PBXBuildFile; fileRef = F0A0AC522F627D20009A449C /* AudioFileWriter.swift */; };
		F0A0AC552F627D20009A449C /* AudioRecorderActor.swift in Sources */ = {isa = PBXBuildFile; fileRef = F0A0AC532F627D20009A449C /* AudioRecorderActor.swift */; };
		F0A0AC592F627EC9009A449C /* SegmentManagerActor.swift in Sources */ = {isa = PBXBuildFile; fileRef = F0A0AC582F627EC9009A449C /* SegmentManagerActor.swift */; };
		F0A0AC5A2F627EC9009A449C /* SegmentedAudioFileWriter.swift in Sources */ = {isa = PBXBuildFile; fileRef = F0A0AC572F627EC9009A449C /* SegmentedAudioFileWriter.swift */; };
		F0A0AC5D2F627F39009A449C /* KeychainManager.swift in Sources */ = {isa = PBXBuildFile; fileRef = F0A0AC5C2F627F39009A449C /* KeychainManager.swift */; };
		F0A0AC662F62829B009A449C /* DataManagerActor.swift in Sources */ = {isa = PBXBuildFile; fileRef = F0A0AC652F62829B009A449C /* DataManagerActor.swift */; };
		F0A0AC6D2F6283A0009A449C /* TranscriptionSegment.swift in Sources */ = {isa = PBXBuildFile; fileRef = F0A0AC6B2F6283A0009A449C /* TranscriptionSegment.swift */; };
		F0A0AC6E2F6283A0009A449C /* WhisperTranscriptionAPI.swift in Sources */ = {isa = PBXBuildFile; fileRef = F0A0AC6C2F6283A0009A449C /* WhisperTranscriptionAPI.swift */; };
		F0A0AC6F2F6283A0009A449C /* RetryPolicy.swift in Sources */ = {isa = PBXBuildFile; fileRef = F0A0AC6A2F6283A0009A449C /* RetryPolicy.swift */; };
		F0A0AC712F6283C2009A449C /* TranscriptionActor.swift in Sources */ = {isa = PBXBuildFile; fileRef = F0A0AC702F6283C2009A449C /* TranscriptionActor.swift */; };
		F0A0AC7B2F62894C009A449C /* NetworkMonitor.swift in Sources */ = {isa = PBXBuildFile; fileRef = F0A0AC7A2F62894C009A449C /* NetworkMonitor.swift */; };
		F0A0AC7C2F62894C009A449C /* AppleSpeechTranscriptionAPI.swift in Sources */ = {isa = PBXBuildFile; fileRef = F0A0AC782F62894C009A449C /* AppleSpeechTranscriptionAPI.swift */; };
		F0A0AC7D2F62894C009A449C /* FallbackTranscriptionAPI.swift in Sources */ = {isa = PBXBuildFile; fileRef = F0A0AC792F62894C009A449C /* FallbackTranscriptionAPI.swift */; };
		F0A0AC832F6289E8009A449C /* RecordingViewModel.swift in Sources */ = {isa = PBXBuildFile; fileRef = F0A0AC822F6289E8009A449C /* RecordingViewModel.swift */; };
		F0A0AC842F6289E8009A449C /* RecordingView.swift in Sources */ = {isa = PBXBuildFile; fileRef = F0A0AC812F6289E8009A449C /* RecordingView.swift */; };
		F0A0AC852F6289E8009A449C /* AudioLevelMeterView.swift in Sources */ = {isa = PBXBuildFile; fileRef = F0A0AC802F6289E8009A449C /* AudioLevelMeterView.swift */; };
		F0A0AC8B2F628A97009A449C /* SessionDetailView.swift in Sources */ = {isa = PBXBuildFile; fileRef = F0A0AC892F628A97009A449C /* SessionDetailView.swift */; };
		F0A0AC8C2F628A97009A449C /* SessionsListView.swift in Sources */ = {isa = PBXBuildFile; fileRef = F0A0AC8A2F628A97009A449C /* SessionsListView.swift */; };
		F0A0AC8F2F628BF7009A449C /* SettingsView.swift in Sources */ = {isa = PBXBuildFile; fileRef = F0A0AC8E2F628BF7009A449C /* SettingsView.swift */; };
		F0A0AC932F628C17009A449C /* ConnectivityStatusView.swift in Sources */ = {isa = PBXBuildFile; fileRef = F0A0AC912F628C17009A449C /* ConnectivityStatusView.swift */; };
		F0A0AC942F628C17009A449C /* TranscriptionStatusBadge.swift in Sources */ = {isa = PBXBuildFile; fileRef = F0A0AC922F628C17009A449C /* TranscriptionStatusBadge.swift */; };
		F0A0AC962F628C42009A449C /* AppCoordinator.swift in Sources */ = {isa = PBXBuildFile; fileRef = F0A0AC952F628C42009A449C /* AppCoordinator.swift */; };
		F0A0AC9A2F628D31009A449C /* SharedDefaults.swift in Sources */ = {isa = PBXBuildFile; fileRef = F0A0AC992F628D31009A449C /* SharedDefaults.swift */; };
		F0A0AC9B2F628D31009A449C /* RecordingActivityAttributes.swift in Sources */ = {isa = PBXBuildFile; fileRef = F0A0AC982F628D31009A449C /* RecordingActivityAttributes.swift */; };
		F0A0ACBC2F628DBF009A449C /* WidgetKit.framework in Frameworks */ = {isa = PBXBuildFile; fileRef = F0A0ACBB2F628DBF009A449C /* WidgetKit.framework */; };
		F0A0ACBE2F628DBF009A449C /* SwiftUI.framework in Frameworks */ = {isa = PBXBuildFile; fileRef = F0A0ACBD2F628DBF009A449C /* SwiftUI.framework */; };
		F0A0ACCD2F628DC0009A449C /* AudioCaptureWidgetsExtension.appex in Embed Foundation Extensions */ = {isa = PBXBuildFile; fileRef = F0A0ACB92F628DBF009A449C /* AudioCaptureWidgetsExtension.appex */; settings = {ATTRIBUTES = (RemoveHeadersOnCopy, ); }; };
		F0A0ACD32F6291AE009A449C /* SharedDefaults.swift in Sources */ = {isa = PBXBuildFile; fileRef = F0A0AC992F628D31009A449C /* SharedDefaults.swift */; };
		F0A0ACD42F6291B2009A449C /* RecordingActivityAttributes.swift in Sources */ = {isa = PBXBuildFile; fileRef = F0A0AC982F628D31009A449C /* RecordingActivityAttributes.swift */; };
		F0A0ACD72F629223009A449C /* LiveActivityManager.swift in Sources */ = {isa = PBXBuildFile; fileRef = F0A0ACD62F629223009A449C /* LiveActivityManager.swift */; };
		F0A0ACDC2F629290009A449C /* AudioCaptureShortcuts.swift in Sources */ = {isa = PBXBuildFile; fileRef = F0A0ACD92F629290009A449C /* AudioCaptureShortcuts.swift */; };
		F0A0ACDD2F629290009A449C /* StopRecordingIntent.swift in Sources */ = {isa = PBXBuildFile; fileRef = F0A0ACDB2F629290009A449C /* StopRecordingIntent.swift */; };
		F0A0ACDE2F629290009A449C /* StartRecordingIntent.swift in Sources */ = {isa = PBXBuildFile; fileRef = F0A0ACDA2F629290009A449C /* StartRecordingIntent.swift */; };
		F0A0ACE02F6292FC009A449C /* Item.swift in Sources */ = {isa = PBXBuildFile; fileRef = F0A0ACDF2F6292FC009A449C /* Item.swift */; };
		F0A0ACE32F6295D2009A449C /* StartRecordingIntent.swift in Sources */ = {isa = PBXBuildFile; fileRef = F0A0ACDA2F629290009A449C /* StartRecordingIntent.swift */; };
		F0A0ACE42F6295D5009A449C /* StopRecordingIntent.swift in Sources */ = {isa = PBXBuildFile; fileRef = F0A0ACDB2F629290009A449C /* StopRecordingIntent.swift */; };
/* End PBXBuildFile section */

/* Begin PBXContainerItemProxy section */
		F0A0ACCB2F628DC0009A449C /* PBXContainerItemProxy */ = {
			isa = PBXContainerItemProxy;
			containerPortal = F0A0ABE22F627317009A449C /* Project object */;
			proxyType = 1;
			remoteGlobalIDString = F0A0ACB82F628DBF009A449C;
			remoteInfo = AudioCaptureWidgetsExtension;
		};
		F0A0AE772F62F938009A449C /* PBXContainerItemProxy */ = {
			isa = PBXContainerItemProxy;
			containerPortal = F0A0ABE22F627317009A449C /* Project object */;
			proxyType = 1;
			remoteGlobalIDString = F0A0ABE92F627317009A449C;
			remoteInfo = AudioCapture;
		};
		F0A0AE842F62F946009A449C /* PBXContainerItemProxy */ = {
			isa = PBXContainerItemProxy;
			containerPortal = F0A0ABE22F627317009A449C /* Project object */;
			proxyType = 1;
			remoteGlobalIDString = F0A0ABE92F627317009A449C;
			remoteInfo = AudioCapture;
		};
		F0A0AE912F630011009A449C /* PBXContainerItemProxy */ = {
			isa = PBXContainerItemProxy;
			containerPortal = F0A0ABE22F627317009A449C /* Project object */;
			proxyType = 1;
			remoteGlobalIDString = F0A0ABE92F627317009A449C;
			remoteInfo = AudioCapture;
		};
/* End PBXContainerItemProxy section */

/* Begin PBXCopyFilesBuildPhase section */
		F0A0ACD22F628DC0009A449C /* Embed Foundation Extensions */ = {
			isa = PBXCopyFilesBuildPhase;
			buildActionMask = 2147483647;
			dstPath = "";
			dstSubfolderSpec = 13;
			files = (
				F0A0ACCD2F628DC0009A449C /* AudioCaptureWidgetsExtension.appex in Embed Foundation Extensions */,
			);
			name = "Embed Foundation Extensions";
			runOnlyForDeploymentPostprocessing = 0;
		};
/* End PBXCopyFilesBuildPhase section */

/* Begin PBXFileReference section */
		F0A0ABEA2F627317009A449C /* AudioCapture.app */ = {isa = PBXFileReference; explicitFileType = wrapper.application; includeInIndex = 0; path = AudioCapture.app; sourceTree = BUILT_PRODUCTS_DIR; };
		F0A0AC322F627912009A449C /* Assets.xcassets */ = {isa = PBXFileReference; lastKnownFileType = folder.assetcatalog; path = Assets.xcassets; sourceTree = "<group>"; };
		F0A0AC332F627912009A449C /* AudioCaptureApp.swift */ = {isa = PBXFileReference; lastKnownFileType = sourcecode.swift; path = AudioCaptureApp.swift; sourceTree = "<group>"; };
		F0A0AC342F627912009A449C /* ContentView.swift */ = {isa = PBXFileReference; lastKnownFileType = sourcecode.swift; path = ContentView.swift; sourceTree = "<group>"; };
		F0A0AC3E2F62792A009A449C /* RecordingSession.swift */ = {isa = PBXFileReference; lastKnownFileType = sourcecode.swift; path = RecordingSession.swift; sourceTree = "<group>"; };
		F0A0AC3F2F62792A009A449C /* Segment.swift */ = {isa = PBXFileReference; lastKnownFileType = sourcecode.swift; path = Segment.swift; sourceTree = "<group>"; };
		F0A0AC402F62792A009A449C /* Transcription.swift */ = {isa = PBXFileReference; lastKnownFileType = sourcecode.swift; path = Transcription.swift; sourceTree = "<group>"; };
		F0A0AC442F62794F009A449C /* PersistenceTypes.swift */ = {isa = PBXFileReference; lastKnownFileType = sourcecode.swift; path = PersistenceTypes.swift; sourceTree = "<group>"; };
		F0A0AC4C2F6279BC009A449C /* AudioCaptureError.swift */ = {isa = PBXFileReference; lastKnownFileType = sourcecode.swift; path = AudioCaptureError.swift; sourceTree = "<group>"; };
		F0A0AC4D2F6279BC009A449C /* AudioSessionManager.swift */ = {isa = PBXFileReference; lastKnownFileType = sourcecode.swift; path = AudioSessionManager.swift; sourceTree = "<group>"; };
		F0A0AC4E2F6279BC009A449C /* RecordingState.swift */ = {isa = PBXFileReference; lastKnownFileType = sourcecode.swift; path = RecordingState.swift; sourceTree = "<group>"; };
		F0A0AC522F627D20009A449C /* AudioFileWriter.swift */ = {isa = PBXFileReference; lastKnownFileType = sourcecode.swift; path = AudioFileWriter.swift; sourceTree = "<group>"; };
		F0A0AC532F627D20009A449C /* AudioRecorderActor.swift */ = {isa = PBXFileReference; lastKnownFileType = sourcecode.swift; path = AudioRecorderActor.swift; sourceTree = "<group>"; };
		F0A0AC572F627EC9009A449C /* SegmentedAudioFileWriter.swift */ = {isa = PBXFileReference; lastKnownFileType = sourcecode.swift; path = SegmentedAudioFileWriter.swift; sourceTree = "<group>"; };
		F0A0AC582F627EC9009A449C /* SegmentManagerActor.swift */ = {isa = PBXFileReference; lastKnownFileType = sourcecode.swift; path = SegmentManagerActor.swift; sourceTree = "<group>"; };
		F0A0AC5C2F627F39009A449C /* KeychainManager.swift */ = {isa = PBXFileReference; lastKnownFileType = sourcecode.swift; path = KeychainManager.swift; sourceTree = "<group>"; };
		F0A0AC652F62829B009A449C /* DataManagerActor.swift */ = {isa = PBXFileReference; lastKnownFileType = sourcecode.swift; path = DataManagerActor.swift; sourceTree = "<group>"; };
		F0A0AC6A2F6283A0009A449C /* RetryPolicy.swift */ = {isa = PBXFileReference; lastKnownFileType = sourcecode.swift; path = RetryPolicy.swift; sourceTree = "<group>"; };
		F0A0AC6B2F6283A0009A449C /* TranscriptionSegment.swift */ = {isa = PBXFileReference; lastKnownFileType = sourcecode.swift; path = TranscriptionSegment.swift; sourceTree = "<group>"; };
		F0A0AC6C2F6283A0009A449C /* WhisperTranscriptionAPI.swift */ = {isa = PBXFileReference; lastKnownFileType = sourcecode.swift; path = WhisperTranscriptionAPI.swift; sourceTree = "<group>"; };
		F0A0AC702F6283C2009A449C /* TranscriptionActor.swift */ = {isa = PBXFileReference; lastKnownFileType = sourcecode.swift; path = TranscriptionActor.swift; sourceTree = "<group>"; };
		F0A0AC782F62894C009A449C /* AppleSpeechTranscriptionAPI.swift */ = {isa = PBXFileReference; lastKnownFileType = sourcecode.swift; path = AppleSpeechTranscriptionAPI.swift; sourceTree = "<group>"; };
		F0A0AC792F62894C009A449C /* FallbackTranscriptionAPI.swift */ = {isa = PBXFileReference; lastKnownFileType = sourcecode.swift; path = FallbackTranscriptionAPI.swift; sourceTree = "<group>"; };
		F0A0AC7A2F62894C009A449C /* NetworkMonitor.swift */ = {isa = PBXFileReference; lastKnownFileType = sourcecode.swift; path = NetworkMonitor.swift; sourceTree = "<group>"; };
		F0A0AC802F6289E8009A449C /* AudioLevelMeterView.swift */ = {isa = PBXFileReference; lastKnownFileType = sourcecode.swift; path = AudioLevelMeterView.swift; sourceTree = "<group>"; };
		F0A0AC812F6289E8009A449C /* RecordingView.swift */ = {isa = PBXFileReference; lastKnownFileType = sourcecode.swift; path = RecordingView.swift; sourceTree = "<group>"; };
		F0A0AC822F6289E8009A449C /* RecordingViewModel.swift */ = {isa = PBXFileReference; lastKnownFileType = sourcecode.swift; path = RecordingViewModel.swift; sourceTree = "<group>"; };
		F0A0AC892F628A97009A449C /* SessionDetailView.swift */ = {isa = PBXFileReference; lastKnownFileType = sourcecode.swift; path = SessionDetailView.swift; sourceTree = "<group>"; };
		F0A0AC8A2F628A97009A449C /* SessionsListView.swift */ = {isa = PBXFileReference; lastKnownFileType = sourcecode.swift; path = SessionsListView.swift; sourceTree = "<group>"; };
		F0A0AC8E2F628BF7009A449C /* SettingsView.swift */ = {isa = PBXFileReference; lastKnownFileType = sourcecode.swift; path = SettingsView.swift; sourceTree = "<group>"; };
		F0A0AC912F628C17009A449C /* ConnectivityStatusView.swift */ = {isa = PBXFileReference; lastKnownFileType = sourcecode.swift; path = ConnectivityStatusView.swift; sourceTree = "<group>"; };
		F0A0AC922F628C17009A449C /* TranscriptionStatusBadge.swift */ = {isa = PBXFileReference; lastKnownFileType = sourcecode.swift; path = TranscriptionStatusBadge.swift; sourceTree = "<group>"; };
		F0A0AC952F628C42009A449C /* AppCoordinator.swift */ = {isa = PBXFileReference; lastKnownFileType = sourcecode.swift; path = AppCoordinator.swift; sourceTree = "<group>"; };
		F0A0AC982F628D31009A449C /* RecordingActivityAttributes.swift */ = {isa = PBXFileReference; lastKnownFileType = sourcecode.swift; path = RecordingActivityAttributes.swift; sourceTree = "<group>"; };
		F0A0AC992F628D31009A449C /* SharedDefaults.swift */ = {isa = PBXFileReference; lastKnownFileType = sourcecode.swift; path = SharedDefaults.swift; sourceTree = "<group>"; };
		F0A0ACB92F628DBF009A449C /* AudioCaptureWidgetsExtension.appex */ = {isa = PBXFileReference; explicitFileType = "wrapper.app-extension"; includeInIndex = 0; path = AudioCaptureWidgetsExtension.appex; sourceTree = BUILT_PRODUCTS_DIR; };
		F0A0ACBB2F628DBF009A449C /* WidgetKit.framework */ = {isa = PBXFileReference; lastKnownFileType = wrapper.framework; name = WidgetKit.framework; path = System/Library/Frameworks/WidgetKit.framework; sourceTree = SDKROOT; };
		F0A0ACBD2F628DBF009A449C /* SwiftUI.framework */ = {isa = PBXFileReference; lastKnownFileType = wrapper.framework; name = SwiftUI.framework; path = System/Library/Frameworks/SwiftUI.framework; sourceTree = SDKROOT; };
		F0A0ACD62F629223009A449C /* LiveActivityManager.swift */ = {isa = PBXFileReference; lastKnownFileType = sourcecode.swift; path = LiveActivityManager.swift; sourceTree = "<group>"; };
		F0A0ACD92F629290009A449C /* AudioCaptureShortcuts.swift */ = {isa = PBXFileReference; lastKnownFileType = sourcecode.swift; path = AudioCaptureShortcuts.swift; sourceTree = "<group>"; };
		F0A0ACDA2F629290009A449C /* StartRecordingIntent.swift */ = {isa = PBXFileReference; lastKnownFileType = sourcecode.swift; path = StartRecordingIntent.swift; sourceTree = "<group>"; };
		F0A0ACDB2F629290009A449C /* StopRecordingIntent.swift */ = {isa = PBXFileReference; lastKnownFileType = sourcecode.swift; path = StopRecordingIntent.swift; sourceTree = "<group>"; };
		F0A0ACDF2F6292FC009A449C /* Item.swift */ = {isa = PBXFileReference; lastKnownFileType = sourcecode.swift; path = Item.swift; sourceTree = "<group>"; };
		F0A0ADDB2F62EFF0009A449C /* Info.plist */ = {isa = PBXFileReference; lastKnownFileType = text.plist; path = Info.plist; sourceTree = "<group>"; };
		F0A0AE732F62F938009A449C /* AudioCaptureTests.xctest */ = {isa = PBXFileReference; explicitFileType = wrapper.cfbundle; includeInIndex = 0; path = AudioCaptureTests.xctest; sourceTree = BUILT_PRODUCTS_DIR; };
		F0A0AE802F62F946009A449C /* AudioCaptureIntegrationTests.xctest */ = {isa = PBXFileReference; explicitFileType = wrapper.cfbundle; includeInIndex = 0; path = AudioCaptureIntegrationTests.xctest; sourceTree = BUILT_PRODUCTS_DIR; };
		F0A0AE8D2F630011009A449C /* AudioCapturePerformanceTests.xctest */ = {isa = PBXFileReference; explicitFileType = wrapper.cfbundle; includeInIndex = 0; path = AudioCapturePerformanceTests.xctest; sourceTree = BUILT_PRODUCTS_DIR; };
		F0A0AEA62F630166009A449C /* AudioCapture.xctestplan */ = {isa = PBXFileReference; lastKnownFileType = text; name = AudioCapture.xctestplan; path = ../AudioCapture.xctestplan; sourceTree = "<group>"; };
		F0A0AEA72F6307B4009A449C /* AudioCapture.entitlements */ = {isa = PBXFileReference; lastKnownFileType = text.plist.entitlements; path = AudioCapture.entitlements; sourceTree = "<group>"; };
		F0A0AEA82F6307C4009A449C /* AudioCaptureWidgetsExtension.entitlements */ = {isa = PBXFileReference; lastKnownFileType = text.plist.entitlements; path = AudioCaptureWidgetsExtension.entitlements; sourceTree = "<group>"; };
/* End PBXFileReference section */

/* Begin PBXFileSystemSynchronizedBuildFileExceptionSet section */
		F0A0ACCE2F628DC0009A449C /* Exceptions for "AudioCaptureWidgets" folder in "AudioCaptureWidgetsExtension" target */ = {
			isa = PBXFileSystemSynchronizedBuildFileExceptionSet;
			membershipExceptions = (
				Info.plist,
			);
			target = F0A0ACB82F628DBF009A449C /* AudioCaptureWidgetsExtension */;
		};
/* End PBXFileSystemSynchronizedBuildFileExceptionSet section */

/* Begin PBXFileSystemSynchronizedRootGroup section */
		F0A0ACBF2F628DBF009A449C /* AudioCaptureWidgets */ = {
			isa = PBXFileSystemSynchronizedRootGroup;
			exceptions = (
				F0A0ACCE2F628DC0009A449C /* Exceptions for "AudioCaptureWidgets" folder in "AudioCaptureWidgetsExtension" target */,
			);
			path = AudioCaptureWidgets;
			sourceTree = "<group>";
		};
		F0A0AE742F62F938009A449C /* AudioCaptureTests */ = {
			isa = PBXFileSystemSynchronizedRootGroup;
			path = AudioCaptureTests;
			sourceTree = "<group>";
		};
		F0A0AE812F62F946009A449C /* AudioCaptureIntegrationTests */ = {
			isa = PBXFileSystemSynchronizedRootGroup;
			path = AudioCaptureIntegrationTests;
			sourceTree = "<group>";
		};
		F0A0AE8E2F630011009A449C /* AudioCapturePerformanceTests */ = {
			isa = PBXFileSystemSynchronizedRootGroup;
			path = AudioCapturePerformanceTests;
			sourceTree = "<group>";
		};
/* End PBXFileSystemSynchronizedRootGroup section */

/* Begin PBXFrameworksBuildPhase section */
		F0A0ABE72F627317009A449C /* Frameworks */ = {
			isa = PBXFrameworksBuildPhase;
			buildActionMask = 2147483647;
			files = (
			);
			runOnlyForDeploymentPostprocessing = 0;
		};
		F0A0ACB62F628DBF009A449C /* Frameworks */ = {
			isa = PBXFrameworksBuildPhase;
			buildActionMask = 2147483647;
			files = (
				F0A0ACBE2F628DBF009A449C /* SwiftUI.framework in Frameworks */,
				F0A0ACBC2F628DBF009A449C /* WidgetKit.framework in Frameworks */,
			);
			runOnlyForDeploymentPostprocessing = 0;
		};
		F0A0AE702F62F938009A449C /* Frameworks */ = {
			isa = PBXFrameworksBuildPhase;
			buildActionMask = 2147483647;
			files = (
			);
			runOnlyForDeploymentPostprocessing = 0;
		};
		F0A0AE7D2F62F946009A449C /* Frameworks */ = {
			isa = PBXFrameworksBuildPhase;
			buildActionMask = 2147483647;
			files = (
			);
			runOnlyForDeploymentPostprocessing = 0;
		};
		F0A0AE8A2F630011009A449C /* Frameworks */ = {
			isa = PBXFrameworksBuildPhase;
			buildActionMask = 2147483647;
			files = (
			);
			runOnlyForDeploymentPostprocessing = 0;
		};
/* End PBXFrameworksBuildPhase section */

/* Begin PBXGroup section */
		F0A0ABE12F627317009A449C = {
			isa = PBXGroup;
			children = (
				F0A0AEA82F6307C4009A449C /* AudioCaptureWidgetsExtension.entitlements */,
				F0A0AEA62F630166009A449C /* AudioCapture.xctestplan */,
				F0A0AC362F627912009A449C /* AudioCapture */,
				F0A0ACBF2F628DBF009A449C /* AudioCaptureWidgets */,
				F0A0AE742F62F938009A449C /* AudioCaptureTests */,
				F0A0AE812F62F946009A449C /* AudioCaptureIntegrationTests */,
				F0A0AE8E2F630011009A449C /* AudioCapturePerformanceTests */,
				F0A0ACBA2F628DBF009A449C /* Frameworks */,
				F0A0ABEB2F627317009A449C /* Products */,
			);
			sourceTree = "<group>";
		};
		F0A0ABEB2F627317009A449C /* Products */ = {
			isa = PBXGroup;
			children = (
				F0A0ABEA2F627317009A449C /* AudioCapture.app */,
				F0A0ACB92F628DBF009A449C /* AudioCaptureWidgetsExtension.appex */,
				F0A0AE732F62F938009A449C /* AudioCaptureTests.xctest */,
				F0A0AE802F62F946009A449C /* AudioCaptureIntegrationTests.xctest */,
				F0A0AE8D2F630011009A449C /* AudioCapturePerformanceTests.xctest */,
			);
			name = Products;
			sourceTree = "<group>";
		};
		F0A0AC362F627912009A449C /* AudioCapture */ = {
			isa = PBXGroup;
			children = (
				F0A0AEA72F6307B4009A449C /* AudioCapture.entitlements */,
				F0A0ADDB2F62EFF0009A449C /* Info.plist */,
				F0A0ACD82F629279009A449C /* AppIntents */,
				F0A0ACD52F629220009A449C /* LiveActivity */,
				F0A0AC972F628D2C009A449C /* Shared */,
				F0A0AC7E2F6289DB009A449C /* UI */,
				F0A0AC3B2F627914009A449C /* AudioRecording */,
				F0A0AC322F627912009A449C /* Assets.xcassets */,
				F0A0AC332F627912009A449C /* AudioCaptureApp.swift */,
				F0A0AC342F627912009A449C /* ContentView.swift */,
				F0A0ACDF2F6292FC009A449C /* Item.swift */,
			);
			path = AudioCapture;
			sourceTree = "<group>";
		};
		F0A0AC3B2F627914009A449C /* AudioRecording */ = {
			isa = PBXGroup;
			children = (
				F0A0AC672F628372009A449C /* Transcription */,
				F0A0AC5B2F627F29009A449C /* Security */,
				F0A0AC562F627DA6009A449C /* Segmentation */,
				F0A0AC3C2F62791B009A449C /* Persistence */,
				F0A0AC4C2F6279BC009A449C /* AudioCaptureError.swift */,
				F0A0AC4D2F6279BC009A449C /* AudioSessionManager.swift */,
				F0A0AC4E2F6279BC009A449C /* RecordingState.swift */,
				F0A0AC522F627D20009A449C /* AudioFileWriter.swift */,
				F0A0AC532F627D20009A449C /* AudioRecorderActor.swift */,
			);
			path = AudioRecording;
			sourceTree = "<group>";
		};
		F0A0AC3C2F62791B009A449C /* Persistence */ = {
			isa = PBXGroup;
			children = (
				F0A0AC3D2F627926009A449C /* Models */,
				F0A0AC442F62794F009A449C /* PersistenceTypes.swift */,
				F0A0AC652F62829B009A449C /* DataManagerActor.swift */,
			);
			path = Persistence;
			sourceTree = "<group>";
		};
		F0A0AC3D2F627926009A449C /* Models */ = {
			isa = PBXGroup;
			children = (
				F0A0AC3E2F62792A009A449C /* RecordingSession.swift */,
				F0A0AC3F2F62792A009A449C /* Segment.swift */,
				F0A0AC402F62792A009A449C /* Transcription.swift */,
			);
			path = Models;
			sourceTree = "<group>";
		};
		F0A0AC562F627DA6009A449C /* Segmentation */ = {
			isa = PBXGroup;
			children = (
				F0A0AC572F627EC9009A449C /* SegmentedAudioFileWriter.swift */,
				F0A0AC582F627EC9009A449C /* SegmentManagerActor.swift */,
			);
			path = Segmentation;
			sourceTree = "<group>";
		};
		F0A0AC5B2F627F29009A449C /* Security */ = {
			isa = PBXGroup;
			children = (
				F0A0AC5C2F627F39009A449C /* KeychainManager.swift */,
			);
			path = Security;
			sourceTree = "<group>";
		};
		F0A0AC672F628372009A449C /* Transcription */ = {
			isa = PBXGroup;
			children = (
				F0A0AC782F62894C009A449C /* AppleSpeechTranscriptionAPI.swift */,
				F0A0AC792F62894C009A449C /* FallbackTranscriptionAPI.swift */,
				F0A0AC7A2F62894C009A449C /* NetworkMonitor.swift */,
				F0A0AC702F6283C2009A449C /* TranscriptionActor.swift */,
				F0A0AC6A2F6283A0009A449C /* RetryPolicy.swift */,
				F0A0AC6B2F6283A0009A449C /* TranscriptionSegment.swift */,
				F0A0AC6C2F6283A0009A449C /* WhisperTranscriptionAPI.swift */,
			);
			path = Transcription;
			sourceTree = "<group>";
		};
		F0A0AC7E2F6289DB009A449C /* UI */ = {
			isa = PBXGroup;
			children = (
				F0A0AC902F628C0F009A449C /* Components */,
				F0A0AC8D2F628BEF009A449C /* Settings */,
				F0A0AC882F628A8D009A449C /* Sessions */,
				F0A0AC7F2F6289E3009A449C /* Recording */,
				F0A0AC952F628C42009A449C /* AppCoordinator.swift */,
			);
			path = UI;
			sourceTree = "<group>";
		};
		F0A0AC7F2F6289E3009A449C /* Recording */ = {
			isa = PBXGroup;
			children = (
				F0A0AC802F6289E8009A449C /* AudioLevelMeterView.swift */,
				F0A0AC812F6289E8009A449C /* RecordingView.swift */,
				F0A0AC822F6289E8009A449C /* RecordingViewModel.swift */,
			);
			path = Recording;
			sourceTree = "<group>";
		};
		F0A0AC882F628A8D009A449C /* Sessions */ = {
			isa = PBXGroup;
			children = (
				F0A0AC892F628A97009A449C /* SessionDetailView.swift */,
				F0A0AC8A2F628A97009A449C /* SessionsListView.swift */,
			);
			path = Sessions;
			sourceTree = "<group>";
		};
		F0A0AC8D2F628BEF009A449C /* Settings */ = {
			isa = PBXGroup;
			children = (
				F0A0AC8E2F628BF7009A449C /* SettingsView.swift */,
			);
			path = Settings;
			sourceTree = "<group>";
		};
		F0A0AC902F628C0F009A449C /* Components */ = {
			isa = PBXGroup;
			children = (
				F0A0AC912F628C17009A449C /* ConnectivityStatusView.swift */,
				F0A0AC922F628C17009A449C /* TranscriptionStatusBadge.swift */,
			);
			path = Components;
			sourceTree = "<group>";
		};
		F0A0AC972F628D2C009A449C /* Shared */ = {
			isa = PBXGroup;
			children = (
				F0A0AC982F628D31009A449C /* RecordingActivityAttributes.swift */,
				F0A0AC992F628D31009A449C /* SharedDefaults.swift */,
			);
			path = Shared;
			sourceTree = "<group>";
		};
		F0A0ACBA2F628DBF009A449C /* Frameworks */ = {
			isa = PBXGroup;
			children = (
				F0A0ACBB2F628DBF009A449C /* WidgetKit.framework */,
				F0A0ACBD2F628DBF009A449C /* SwiftUI.framework */,
			);
			name = Frameworks;
			sourceTree = "<group>";
		};
		F0A0ACD52F629220009A449C /* LiveActivity */ = {
			isa = PBXGroup;
			children = (
				F0A0ACD62F629223009A449C /* LiveActivityManager.swift */,
			);
			path = LiveActivity;
			sourceTree = "<group>";
		};
		F0A0ACD82F629279009A449C /* AppIntents */ = {
			isa = PBXGroup;
			children = (
				F0A0ACD92F629290009A449C /* AudioCaptureShortcuts.swift */,
				F0A0ACDA2F629290009A449C /* StartRecordingIntent.swift */,
				F0A0ACDB2F629290009A449C /* StopRecordingIntent.swift */,
			);
			path = AppIntents;
			sourceTree = "<group>";
		};
/* End PBXGroup section */

/* Begin PBXNativeTarget section */
		F0A0ABE92F627317009A449C /* AudioCapture */ = {
			isa = PBXNativeTarget;
			buildConfigurationList = F0A0ABF72F62731A009A449C /* Build configuration list for PBXNativeTarget "AudioCapture" */;
			buildPhases = (
				F0A0ABE62F627317009A449C /* Sources */,
				F0A0ABE72F627317009A449C /* Frameworks */,
				F0A0ABE82F627317009A449C /* Resources */,
				F0A0ACD22F628DC0009A449C /* Embed Foundation Extensions */,
			);
			buildRules = (
			);
			dependencies = (
				F0A0ACCC2F628DC0009A449C /* PBXTargetDependency */,
			);
			name = AudioCapture;
			packageProductDependencies = (
			);
			productName = AudioCapture;
			productReference = F0A0ABEA2F627317009A449C /* AudioCapture.app */;
			productType = "com.apple.product-type.application";
		};
		F0A0ACB82F628DBF009A449C /* AudioCaptureWidgetsExtension */ = {
			isa = PBXNativeTarget;
			buildConfigurationList = F0A0ACCF2F628DC0009A449C /* Build configuration list for PBXNativeTarget "AudioCaptureWidgetsExtension" */;
			buildPhases = (
				F0A0ACB52F628DBF009A449C /* Sources */,
				F0A0ACB62F628DBF009A449C /* Frameworks */,
				F0A0ACB72F628DBF009A449C /* Resources */,
			);
			buildRules = (
			);
			dependencies = (
			);
			fileSystemSynchronizedGroups = (
				F0A0ACBF2F628DBF009A449C /* AudioCaptureWidgets */,
			);
			name = AudioCaptureWidgetsExtension;
			packageProductDependencies = (
			);
			productName = AudioCaptureWidgetsExtension;
			productReference = F0A0ACB92F628DBF009A449C /* AudioCaptureWidgetsExtension.appex */;
			productType = "com.apple.product-type.app-extension";
		};
		F0A0AE722F62F938009A449C /* AudioCaptureTests */ = {
			isa = PBXNativeTarget;
			buildConfigurationList = F0A0AE792F62F938009A449C /* Build configuration list for PBXNativeTarget "AudioCaptureTests" */;
			buildPhases = (
				F0A0AE6F2F62F938009A449C /* Sources */,
				F0A0AE702F62F938009A449C /* Frameworks */,
				F0A0AE712F62F938009A449C /* Resources */,
			);
			buildRules = (
			);
			dependencies = (
				F0A0AE782F62F938009A449C /* PBXTargetDependency */,
			);
			fileSystemSynchronizedGroups = (
				F0A0AE742F62F938009A449C /* AudioCaptureTests */,
			);
			name = AudioCaptureTests;
			packageProductDependencies = (
			);
			productName = AudioCaptureTests;
			productReference = F0A0AE732F62F938009A449C /* AudioCaptureTests.xctest */;
			productType = "com.apple.product-type.bundle.unit-test";
		};
		F0A0AE7F2F62F946009A449C /* AudioCaptureIntegrationTests */ = {
			isa = PBXNativeTarget;
			buildConfigurationList = F0A0AE862F62F946009A449C /* Build configuration list for PBXNativeTarget "AudioCaptureIntegrationTests" */;
			buildPhases = (
				F0A0AE7C2F62F946009A449C /* Sources */,
				F0A0AE7D2F62F946009A449C /* Frameworks */,
				F0A0AE7E2F62F946009A449C /* Resources */,
			);
			buildRules = (
			);
			dependencies = (
				F0A0AE852F62F946009A449C /* PBXTargetDependency */,
			);
			fileSystemSynchronizedGroups = (
				F0A0AE812F62F946009A449C /* AudioCaptureIntegrationTests */,
			);
			name = AudioCaptureIntegrationTests;
			packageProductDependencies = (
			);
			productName = AudioCaptureIntegrationTests;
			productReference = F0A0AE802F62F946009A449C /* AudioCaptureIntegrationTests.xctest */;
			productType = "com.apple.product-type.bundle.unit-test";
		};
		F0A0AE8C2F630011009A449C /* AudioCapturePerformanceTests */ = {
			isa = PBXNativeTarget;
			buildConfigurationList = F0A0AE932F630011009A449C /* Build configuration list for PBXNativeTarget "AudioCapturePerformanceTests" */;
			buildPhases = (
				F0A0AE892F630011009A449C /* Sources */,
				F0A0AE8A2F630011009A449C /* Frameworks */,
				F0A0AE8B2F630011009A449C /* Resources */,
			);
			buildRules = (
			);
			dependencies = (
				F0A0AE922F630011009A449C /* PBXTargetDependency */,
			);
			fileSystemSynchronizedGroups = (
				F0A0AE8E2F630011009A449C /* AudioCapturePerformanceTests */,
			);
			name = AudioCapturePerformanceTests;
			packageProductDependencies = (
			);
			productName = AudioCapturePerformanceTests;
			productReference = F0A0AE8D2F630011009A449C /* AudioCapturePerformanceTests.xctest */;
			productType = "com.apple.product-type.bundle.unit-test";
		};
/* End PBXNativeTarget section */

/* Begin PBXProject section */
		F0A0ABE22F627317009A449C /* Project object */ = {
			isa = PBXProject;
			attributes = {
				BuildIndependentTargetsInParallel = 1;
				LastSwiftUpdateCheck = 2630;
				LastUpgradeCheck = 2630;
				TargetAttributes = {
					F0A0ABE92F627317009A449C = {
						CreatedOnToolsVersion = 26.3;
					};
					F0A0ACB82F628DBF009A449C = {
						CreatedOnToolsVersion = 26.3;
					};
					F0A0AE722F62F938009A449C = {
						CreatedOnToolsVersion = 26.3;
						TestTargetID = F0A0ABE92F627317009A449C;
					};
					F0A0AE7F2F62F946009A449C = {
						CreatedOnToolsVersion = 26.3;
						TestTargetID = F0A0ABE92F627317009A449C;
					};
					F0A0AE8C2F630011009A449C = {
						CreatedOnToolsVersion = 26.3;
						TestTargetID = F0A0ABE92F627317009A449C;
					};
				};
			};
			buildConfigurationList = F0A0ABE52F627317009A449C /* Build configuration list for PBXProject "AudioCapture" */;
			developmentRegion = en;
			hasScannedForEncodings = 0;
			knownRegions = (
				en,
				Base,
			);
			mainGroup = F0A0ABE12F627317009A449C;
			minimizedProjectReferenceProxies = 1;
			preferredProjectObjectVersion = 77;
			productRefGroup = F0A0ABEB2F627317009A449C /* Products */;
			projectDirPath = "";
			projectRoot = "";
			targets = (
				F0A0ABE92F627317009A449C /* AudioCapture */,
				F0A0ACB82F628DBF009A449C /* AudioCaptureWidgetsExtension */,
				F0A0AE722F62F938009A449C /* AudioCaptureTests */,
				F0A0AE7F2F62F946009A449C /* AudioCaptureIntegrationTests */,
				F0A0AE8C2F630011009A449C /* AudioCapturePerformanceTests */,
			);
		};
/* End PBXProject section */

/* Begin PBXResourcesBuildPhase section */
		F0A0ABE82F627317009A449C /* Resources */ = {
			isa = PBXResourcesBuildPhase;
			buildActionMask = 2147483647;
			files = (
				F0A0AC3A2F627912009A449C /* Assets.xcassets in Resources */,
			);
			runOnlyForDeploymentPostprocessing = 0;
		};
		F0A0ACB72F628DBF009A449C /* Resources */ = {
			isa = PBXResourcesBuildPhase;
			buildActionMask = 2147483647;
			files = (
			);
			runOnlyForDeploymentPostprocessing = 0;
		};
		F0A0AE712F62F938009A449C /* Resources */ = {
			isa = PBXResourcesBuildPhase;
			buildActionMask = 2147483647;
			files = (
			);
			runOnlyForDeploymentPostprocessing = 0;
		};
		F0A0AE7E2F62F946009A449C /* Resources */ = {
			isa = PBXResourcesBuildPhase;
			buildActionMask = 2147483647;
			files = (
			);
			runOnlyForDeploymentPostprocessing = 0;
		};
		F0A0AE8B2F630011009A449C /* Resources */ = {
			isa = PBXResourcesBuildPhase;
			buildActionMask = 2147483647;
			files = (
			);
			runOnlyForDeploymentPostprocessing = 0;
		};
/* End PBXResourcesBuildPhase section */

/* Begin PBXSourcesBuildPhase section */
		F0A0ABE62F627317009A449C /* Sources */ = {
			isa = PBXSourcesBuildPhase;
			buildActionMask = 2147483647;
			files = (
				F0A0AC832F6289E8009A449C /* RecordingViewModel.swift in Sources */,
				F0A0AC842F6289E8009A449C /* RecordingView.swift in Sources */,
				F0A0ACDC2F629290009A449C /* AudioCaptureShortcuts.swift in Sources */,
				F0A0ACDD2F629290009A449C /* StopRecordingIntent.swift in Sources */,
				F0A0ACDE2F629290009A449C /* StartRecordingIntent.swift in Sources */,
				F0A0AC852F6289E8009A449C /* AudioLevelMeterView.swift in Sources */,
				F0A0AC932F628C17009A449C /* ConnectivityStatusView.swift in Sources */,
				F0A0AC942F628C17009A449C /* TranscriptionStatusBadge.swift in Sources */,
				F0A0AC372F627912009A449C /* AudioCaptureApp.swift in Sources */,
				F0A0AC382F627912009A449C /* ContentView.swift in Sources */,
				F0A0AC592F627EC9009A449C /* SegmentManagerActor.swift in Sources */,
				F0A0AC5A2F627EC9009A449C /* SegmentedAudioFileWriter.swift in Sources */,
				F0A0AC712F6283C2009A449C /* TranscriptionActor.swift in Sources */,
				F0A0AC5D2F627F39009A449C /* KeychainManager.swift in Sources */,
				F0A0ACE02F6292FC009A449C /* Item.swift in Sources */,
				F0A0AC7B2F62894C009A449C /* NetworkMonitor.swift in Sources */,
				F0A0AC7C2F62894C009A449C /* AppleSpeechTranscriptionAPI.swift in Sources */,
				F0A0AC7D2F62894C009A449C /* FallbackTranscriptionAPI.swift in Sources */,
				F0A0AC6D2F6283A0009A449C /* TranscriptionSegment.swift in Sources */,
				F0A0AC6E2F6283A0009A449C /* WhisperTranscriptionAPI.swift in Sources */,
				F0A0AC6F2F6283A0009A449C /* RetryPolicy.swift in Sources */,
				F0A0AC412F62792A009A449C /* RecordingSession.swift in Sources */,
				F0A0AC4F2F6279BC009A449C /* RecordingState.swift in Sources */,
				F0A0AC962F628C42009A449C /* AppCoordinator.swift in Sources */,
				F0A0AC8F2F628BF7009A449C /* SettingsView.swift in Sources */,
				F0A0AC502F6279BC009A449C /* AudioCaptureError.swift in Sources */,
				F0A0AC542F627D20009A449C /* AudioFileWriter.swift in Sources */,
				F0A0AC552F627D20009A449C /* AudioRecorderActor.swift in Sources */,
				F0A0AC512F6279BC009A449C /* AudioSessionManager.swift in Sources */,
				F0A0AC422F62792A009A449C /* Segment.swift in Sources */,
				F0A0AC8B2F628A97009A449C /* SessionDetailView.swift in Sources */,
				F0A0AC8C2F628A97009A449C /* SessionsListView.swift in Sources */,
				F0A0AC432F62792A009A449C /* Transcription.swift in Sources */,
				F0A0AC452F62794F009A449C /* PersistenceTypes.swift in Sources */,
				F0A0AC662F62829B009A449C /* DataManagerActor.swift in Sources */,
				F0A0AC9A2F628D31009A449C /* SharedDefaults.swift in Sources */,
				F0A0ACD72F629223009A449C /* LiveActivityManager.swift in Sources */,
				F0A0AC9B2F628D31009A449C /* RecordingActivityAttributes.swift in Sources */,
			);
			runOnlyForDeploymentPostprocessing = 0;
		};
		F0A0ACB52F628DBF009A449C /* Sources */ = {
			isa = PBXSourcesBuildPhase;
			buildActionMask = 2147483647;
			files = (
				F0A0ACD32F6291AE009A449C /* SharedDefaults.swift in Sources */,
				F0A0ACE42F6295D5009A449C /* StopRecordingIntent.swift in Sources */,
				F0A0ACE32F6295D2009A449C /* StartRecordingIntent.swift in Sources */,
				F0A0ACD42F6291B2009A449C /* RecordingActivityAttributes.swift in Sources */,
			);
			runOnlyForDeploymentPostprocessing = 0;
		};
		F0A0AE6F2F62F938009A449C /* Sources */ = {
			isa = PBXSourcesBuildPhase;
			buildActionMask = 2147483647;
			files = (
			);
			runOnlyForDeploymentPostprocessing = 0;
		};
		F0A0AE7C2F62F946009A449C /* Sources */ = {
			isa = PBXSourcesBuildPhase;
			buildActionMask = 2147483647;
			files = (
			);
			runOnlyForDeploymentPostprocessing = 0;
		};
		F0A0AE892F630011009A449C /* Sources */ = {
			isa = PBXSourcesBuildPhase;
			buildActionMask = 2147483647;
			files = (
			);
			runOnlyForDeploymentPostprocessing = 0;
		};
/* End PBXSourcesBuildPhase section */

/* Begin PBXTargetDependency section */
		F0A0ACCC2F628DC0009A449C /* PBXTargetDependency */ = {
			isa = PBXTargetDependency;
			target = F0A0ACB82F628DBF009A449C /* AudioCaptureWidgetsExtension */;
			targetProxy = F0A0ACCB2F628DC0009A449C /* PBXContainerItemProxy */;
		};
		F0A0AE782F62F938009A449C /* PBXTargetDependency */ = {
			isa = PBXTargetDependency;
			target = F0A0ABE92F627317009A449C /* AudioCapture */;
			targetProxy = F0A0AE772F62F938009A449C /* PBXContainerItemProxy */;
		};
		F0A0AE852F62F946009A449C /* PBXTargetDependency */ = {
			isa = PBXTargetDependency;
			target = F0A0ABE92F627317009A449C /* AudioCapture */;
			targetProxy = F0A0AE842F62F946009A449C /* PBXContainerItemProxy */;
		};
		F0A0AE922F630011009A449C /* PBXTargetDependency */ = {
			isa = PBXTargetDependency;
			target = F0A0ABE92F627317009A449C /* AudioCapture */;
			targetProxy = F0A0AE912F630011009A449C /* PBXContainerItemProxy */;
		};
/* End PBXTargetDependency section */

/* Begin XCBuildConfiguration section */
		F0A0ABF52F62731A009A449C /* Debug */ = {
			isa = XCBuildConfiguration;
			buildSettings = {
				ALWAYS_SEARCH_USER_PATHS = NO;
				ASSETCATALOG_COMPILER_GENERATE_SWIFT_ASSET_SYMBOL_EXTENSIONS = YES;
				CLANG_ANALYZER_NONNULL = YES;
				CLANG_ANALYZER_NUMBER_OBJECT_CONVERSION = YES_AGGRESSIVE;
				CLANG_CXX_LANGUAGE_STANDARD = "gnu++20";
				CLANG_ENABLE_MODULES = YES;
				CLANG_ENABLE_OBJC_ARC = YES;
				CLANG_ENABLE_OBJC_WEAK = YES;
				CLANG_WARN_BLOCK_CAPTURE_AUTORELEASING = YES;
				CLANG_WARN_BOOL_CONVERSION = YES;
				CLANG_WARN_COMMA = YES;
				CLANG_WARN_CONSTANT_CONVERSION = YES;
				CLANG_WARN_DEPRECATED_OBJC_IMPLEMENTATIONS = YES;
				CLANG_WARN_DIRECT_OBJC_ISA_USAGE = YES_ERROR;
				CLANG_WARN_DOCUMENTATION_COMMENTS = YES;
				CLANG_WARN_EMPTY_BODY = YES;
				CLANG_WARN_ENUM_CONVERSION = YES;
				CLANG_WARN_INFINITE_RECURSION = YES;
				CLANG_WARN_INT_CONVERSION = YES;
				CLANG_WARN_NON_LITERAL_NULL_CONVERSION = YES;
				CLANG_WARN_OBJC_IMPLICIT_RETAIN_SELF = YES;
				CLANG_WARN_OBJC_LITERAL_CONVERSION = YES;
				CLANG_WARN_OBJC_ROOT_CLASS = YES_ERROR;
				CLANG_WARN_QUOTED_INCLUDE_IN_FRAMEWORK_HEADER = YES;
				CLANG_WARN_RANGE_LOOP_ANALYSIS = YES;
				CLANG_WARN_STRICT_PROTOTYPES = YES;
				CLANG_WARN_SUSPICIOUS_MOVE = YES;
				CLANG_WARN_UNGUARDED_AVAILABILITY = YES_AGGRESSIVE;
				CLANG_WARN_UNREACHABLE_CODE = YES;
				CLANG_WARN__DUPLICATE_METHOD_MATCH = YES;
				COPY_PHASE_STRIP = NO;
				DEBUG_INFORMATION_FORMAT = dwarf;
				DEVELOPMENT_TEAM = 7G5J76FJ27;
				ENABLE_STRICT_OBJC_MSGSEND = YES;
				ENABLE_TESTABILITY = YES;
				ENABLE_USER_SCRIPT_SANDBOXING = YES;
				GCC_C_LANGUAGE_STANDARD = gnu17;
				GCC_DYNAMIC_NO_PIC = NO;
				GCC_NO_COMMON_BLOCKS = YES;
				GCC_OPTIMIZATION_LEVEL = 0;
				GCC_PREPROCESSOR_DEFINITIONS = (
					"DEBUG=1",
					"$(inherited)",
				);
				GCC_WARN_64_TO_32_BIT_CONVERSION = YES;
				GCC_WARN_ABOUT_RETURN_TYPE = YES_ERROR;
				GCC_WARN_UNDECLARED_SELECTOR = YES;
				GCC_WARN_UNINITIALIZED_AUTOS = YES_AGGRESSIVE;
				GCC_WARN_UNUSED_FUNCTION = YES;
				GCC_WARN_UNUSED_VARIABLE = YES;
				IPHONEOS_DEPLOYMENT_TARGET = 26.2;
				LOCALIZATION_PREFERS_STRING_CATALOGS = YES;
				MTL_ENABLE_DEBUG_INFO = INCLUDE_SOURCE;
				MTL_FAST_MATH = YES;
				ONLY_ACTIVE_ARCH = YES;
				SDKROOT = iphoneos;
				SWIFT_ACTIVE_COMPILATION_CONDITIONS = "DEBUG $(inherited)";
				SWIFT_OPTIMIZATION_LEVEL = "-Onone";
			};
			name = Debug;
		};
		F0A0ABF62F62731A009A449C /* Release */ = {
			isa = XCBuildConfiguration;
			buildSettings = {
				ALWAYS_SEARCH_USER_PATHS = NO;
				ASSETCATALOG_COMPILER_GENERATE_SWIFT_ASSET_SYMBOL_EXTENSIONS = YES;
				CLANG_ANALYZER_NONNULL = YES;
				CLANG_ANALYZER_NUMBER_OBJECT_CONVERSION = YES_AGGRESSIVE;
				CLANG_CXX_LANGUAGE_STANDARD = "gnu++20";
				CLANG_ENABLE_MODULES = YES;
				CLANG_ENABLE_OBJC_ARC = YES;
				CLANG_ENABLE_OBJC_WEAK = YES;
				CLANG_WARN_BLOCK_CAPTURE_AUTORELEASING = YES;
				CLANG_WARN_BOOL_CONVERSION = YES;
				CLANG_WARN_COMMA = YES;
				CLANG_WARN_CONSTANT_CONVERSION = YES;
				CLANG_WARN_DEPRECATED_OBJC_IMPLEMENTATIONS = YES;
				CLANG_WARN_DIRECT_OBJC_ISA_USAGE = YES_ERROR;
				CLANG_WARN_DOCUMENTATION_COMMENTS = YES;
				CLANG_WARN_EMPTY_BODY = YES;
				CLANG_WARN_ENUM_CONVERSION = YES;
				CLANG_WARN_INFINITE_RECURSION = YES;
				CLANG_WARN_INT_CONVERSION = YES;
				CLANG_WARN_NON_LITERAL_NULL_CONVERSION = YES;
				CLANG_WARN_OBJC_IMPLICIT_RETAIN_SELF = YES;
				CLANG_WARN_OBJC_LITERAL_CONVERSION = YES;
				CLANG_WARN_OBJC_ROOT_CLASS = YES_ERROR;
				CLANG_WARN_QUOTED_INCLUDE_IN_FRAMEWORK_HEADER = YES;
				CLANG_WARN_RANGE_LOOP_ANALYSIS = YES;
				CLANG_WARN_STRICT_PROTOTYPES = YES;
				CLANG_WARN_SUSPICIOUS_MOVE = YES;
				CLANG_WARN_UNGUARDED_AVAILABILITY = YES_AGGRESSIVE;
				CLANG_WARN_UNREACHABLE_CODE = YES;
				CLANG_WARN__DUPLICATE_METHOD_MATCH = YES;
				COPY_PHASE_STRIP = NO;
				DEBUG_INFORMATION_FORMAT = "dwarf-with-dsym";
				DEVELOPMENT_TEAM = 7G5J76FJ27;
				ENABLE_NS_ASSERTIONS = NO;
				ENABLE_STRICT_OBJC_MSGSEND = YES;
				ENABLE_USER_SCRIPT_SANDBOXING = YES;
				GCC_C_LANGUAGE_STANDARD = gnu17;
				GCC_NO_COMMON_BLOCKS = YES;
				GCC_WARN_64_TO_32_BIT_CONVERSION = YES;
				GCC_WARN_ABOUT_RETURN_TYPE = YES_ERROR;
				GCC_WARN_UNDECLARED_SELECTOR = YES;
				GCC_WARN_UNINITIALIZED_AUTOS = YES_AGGRESSIVE;
				GCC_WARN_UNUSED_FUNCTION = YES;
				GCC_WARN_UNUSED_VARIABLE = YES;
				IPHONEOS_DEPLOYMENT_TARGET = 26.2;
				LOCALIZATION_PREFERS_STRING_CATALOGS = YES;
				MTL_ENABLE_DEBUG_INFO = NO;
				MTL_FAST_MATH = YES;
				SDKROOT = iphoneos;
				SWIFT_COMPILATION_MODE = wholemodule;
				VALIDATE_PRODUCT = YES;
			};
			name = Release;
		};
		F0A0ABF82F62731A009A449C /* Debug */ = {
			isa = XCBuildConfiguration;
			buildSettings = {
				ASSETCATALOG_COMPILER_APPICON_NAME = AppIcon;
				ASSETCATALOG_COMPILER_GLOBAL_ACCENT_COLOR_NAME = AccentColor;
				CODE_SIGN_ENTITLEMENTS = AudioCapture/AudioCapture.entitlements;
				CODE_SIGN_STYLE = Automatic;
				CURRENT_PROJECT_VERSION = 1;
				DEVELOPMENT_TEAM = 7G5J76FJ27;
				ENABLE_PREVIEWS = YES;
				GENERATE_INFOPLIST_FILE = YES;
				INFOPLIST_FILE = AudioCapture/Info.plist;
				INFOPLIST_KEY_NSMicrophoneUsageDescription = "AudioCapture needs microphone access to record audio.";
				INFOPLIST_KEY_NSSupportsLiveActivities = YES;
				INFOPLIST_KEY_UIApplicationSceneManifest_Generation = YES;
				INFOPLIST_KEY_UIApplicationSupportsIndirectInputEvents = YES;
				INFOPLIST_KEY_UILaunchScreen_Generation = YES;
				INFOPLIST_KEY_UISupportedInterfaceOrientations_iPad = "UIInterfaceOrientationPortrait UIInterfaceOrientationPortraitUpsideDown UIInterfaceOrientationLandscapeLeft UIInterfaceOrientationLandscapeRight";
				INFOPLIST_KEY_UISupportedInterfaceOrientations_iPhone = "UIInterfaceOrientationPortrait UIInterfaceOrientationLandscapeLeft UIInterfaceOrientationLandscapeRight";
				LD_RUNPATH_SEARCH_PATHS = (
					"$(inherited)",
					"@executable_path/Frameworks",
				);
				MARKETING_VERSION = 1.0;
				PRODUCT_BUNDLE_IDENTIFIER = com.talalzeini.AudioCapture;
				PRODUCT_NAME = "$(TARGET_NAME)";
				STRING_CATALOG_GENERATE_SYMBOLS = YES;
				SWIFT_APPROACHABLE_CONCURRENCY = YES;
				SWIFT_DEFAULT_ACTOR_ISOLATION = MainActor;
				SWIFT_EMIT_LOC_STRINGS = YES;
				SWIFT_UPCOMING_FEATURE_MEMBER_IMPORT_VISIBILITY = YES;
				SWIFT_VERSION = 5.0;
				TARGETED_DEVICE_FAMILY = "1,2";
			};
			name = Debug;
		};
		F0A0ABF92F62731A009A449C /* Release */ = {
			isa = XCBuildConfiguration;
			buildSettings = {
				ASSETCATALOG_COMPILER_APPICON_NAME = AppIcon;
				ASSETCATALOG_COMPILER_GLOBAL_ACCENT_COLOR_NAME = AccentColor;
				CODE_SIGN_ENTITLEMENTS = AudioCapture/AudioCapture.entitlements;
				CODE_SIGN_STYLE = Automatic;
				CURRENT_PROJECT_VERSION = 1;
				DEVELOPMENT_TEAM = 7G5J76FJ27;
				ENABLE_PREVIEWS = YES;
				GENERATE_INFOPLIST_FILE = YES;
				INFOPLIST_FILE = AudioCapture/Info.plist;
				INFOPLIST_KEY_NSMicrophoneUsageDescription = "AudioCapture needs microphone access to record audio.";
				INFOPLIST_KEY_NSSupportsLiveActivities = YES;
				INFOPLIST_KEY_UIApplicationSceneManifest_Generation = YES;
				INFOPLIST_KEY_UIApplicationSupportsIndirectInputEvents = YES;
				INFOPLIST_KEY_UILaunchScreen_Generation = YES;
				INFOPLIST_KEY_UISupportedInterfaceOrientations_iPad = "UIInterfaceOrientationPortrait UIInterfaceOrientationPortraitUpsideDown UIInterfaceOrientationLandscapeLeft UIInterfaceOrientationLandscapeRight";
				INFOPLIST_KEY_UISupportedInterfaceOrientations_iPhone = "UIInterfaceOrientationPortrait UIInterfaceOrientationLandscapeLeft UIInterfaceOrientationLandscapeRight";
				LD_RUNPATH_SEARCH_PATHS = (
					"$(inherited)",
					"@executable_path/Frameworks",
				);
				MARKETING_VERSION = 1.0;
				PRODUCT_BUNDLE_IDENTIFIER = com.talalzeini.AudioCapture;
				PRODUCT_NAME = "$(TARGET_NAME)";
				STRING_CATALOG_GENERATE_SYMBOLS = YES;
				SWIFT_APPROACHABLE_CONCURRENCY = YES;
				SWIFT_DEFAULT_ACTOR_ISOLATION = MainActor;
				SWIFT_EMIT_LOC_STRINGS = YES;
				SWIFT_UPCOMING_FEATURE_MEMBER_IMPORT_VISIBILITY = YES;
				SWIFT_VERSION = 5.0;
				TARGETED_DEVICE_FAMILY = "1,2";
			};
			name = Release;
		};
		F0A0ACD02F628DC0009A449C /* Debug */ = {
			isa = XCBuildConfiguration;
			buildSettings = {
				ASSETCATALOG_COMPILER_GLOBAL_ACCENT_COLOR_NAME = AccentColor;
				ASSETCATALOG_COMPILER_WIDGET_BACKGROUND_COLOR_NAME = WidgetBackground;
				CODE_SIGN_ENTITLEMENTS = AudioCaptureWidgetsExtension.entitlements;
				CODE_SIGN_STYLE = Automatic;
				CURRENT_PROJECT_VERSION = 1;
				DEVELOPMENT_TEAM = 7G5J76FJ27;
				GENERATE_INFOPLIST_FILE = YES;
				INFOPLIST_FILE = AudioCaptureWidgets/Info.plist;
				INFOPLIST_KEY_CFBundleDisplayName = AudioCaptureWidgets;
				INFOPLIST_KEY_NSHumanReadableCopyright = "";
				LD_RUNPATH_SEARCH_PATHS = (
					"$(inherited)",
					"@executable_path/Frameworks",
					"@executable_path/../../Frameworks",
				);
				MARKETING_VERSION = 1.0;
				PRODUCT_BUNDLE_IDENTIFIER = com.talalzeini.AudioCapture.AudioCaptureWidgets;
				PRODUCT_NAME = "$(TARGET_NAME)";
				SKIP_INSTALL = YES;
				STRING_CATALOG_GENERATE_SYMBOLS = YES;
				SWIFT_APPROACHABLE_CONCURRENCY = YES;
				SWIFT_EMIT_LOC_STRINGS = YES;
				SWIFT_UPCOMING_FEATURE_MEMBER_IMPORT_VISIBILITY = YES;
				SWIFT_VERSION = 5.0;
				TARGETED_DEVICE_FAMILY = "1,2";
			};
			name = Debug;
		};
		F0A0ACD12F628DC0009A449C /* Release */ = {
			isa = XCBuildConfiguration;
			buildSettings = {
				ASSETCATALOG_COMPILER_GLOBAL_ACCENT_COLOR_NAME = AccentColor;
				ASSETCATALOG_COMPILER_WIDGET_BACKGROUND_COLOR_NAME = WidgetBackground;
				CODE_SIGN_ENTITLEMENTS = AudioCaptureWidgetsExtension.entitlements;
				CODE_SIGN_STYLE = Automatic;
				CURRENT_PROJECT_VERSION = 1;
				DEVELOPMENT_TEAM = 7G5J76FJ27;
				GENERATE_INFOPLIST_FILE = YES;
				INFOPLIST_FILE = AudioCaptureWidgets/Info.plist;
				INFOPLIST_KEY_CFBundleDisplayName = AudioCaptureWidgets;
				INFOPLIST_KEY_NSHumanReadableCopyright = "";
				LD_RUNPATH_SEARCH_PATHS = (
					"$(inherited)",
					"@executable_path/Frameworks",
					"@executable_path/../../Frameworks",
				);
				MARKETING_VERSION = 1.0;
				PRODUCT_BUNDLE_IDENTIFIER = com.talalzeini.AudioCapture.AudioCaptureWidgets;
				PRODUCT_NAME = "$(TARGET_NAME)";
				SKIP_INSTALL = YES;
				STRING_CATALOG_GENERATE_SYMBOLS = YES;
				SWIFT_APPROACHABLE_CONCURRENCY = YES;
				SWIFT_EMIT_LOC_STRINGS = YES;
				SWIFT_UPCOMING_FEATURE_MEMBER_IMPORT_VISIBILITY = YES;
				SWIFT_VERSION = 5.0;
				TARGETED_DEVICE_FAMILY = "1,2";
			};
			name = Release;
		};
		F0A0AE7A2F62F938009A449C /* Debug */ = {
			isa = XCBuildConfiguration;
			buildSettings = {
				BUNDLE_LOADER = "$(TEST_HOST)";
				CODE_SIGN_STYLE = Automatic;
				CURRENT_PROJECT_VERSION = 1;
				DEVELOPMENT_TEAM = 7G5J76FJ27;
				GENERATE_INFOPLIST_FILE = YES;
				MARKETING_VERSION = 1.0;
				PRODUCT_BUNDLE_IDENTIFIER = com.talalzeini.AudioCapture.AudioCaptureTests;
				PRODUCT_NAME = "$(TARGET_NAME)";
				STRING_CATALOG_GENERATE_SYMBOLS = NO;
				SWIFT_APPROACHABLE_CONCURRENCY = YES;
				SWIFT_EMIT_LOC_STRINGS = NO;
				SWIFT_UPCOMING_FEATURE_MEMBER_IMPORT_VISIBILITY = YES;
				SWIFT_VERSION = 5.0;
				TARGETED_DEVICE_FAMILY = "1,2";
				TEST_HOST = "$(BUILT_PRODUCTS_DIR)/AudioCapture.app/$(BUNDLE_EXECUTABLE_FOLDER_PATH)/AudioCapture";
			};
			name = Debug;
		};
		F0A0AE7B2F62F938009A449C /* Release */ = {
			isa = XCBuildConfiguration;
			buildSettings = {
				BUNDLE_LOADER = "$(TEST_HOST)";
				CODE_SIGN_STYLE = Automatic;
				CURRENT_PROJECT_VERSION = 1;
				DEVELOPMENT_TEAM = 7G5J76FJ27;
				GENERATE_INFOPLIST_FILE = YES;
				MARKETING_VERSION = 1.0;
				PRODUCT_BUNDLE_IDENTIFIER = com.talalzeini.AudioCapture.AudioCaptureTests;
				PRODUCT_NAME = "$(TARGET_NAME)";
				STRING_CATALOG_GENERATE_SYMBOLS = NO;
				SWIFT_APPROACHABLE_CONCURRENCY = YES;
				SWIFT_EMIT_LOC_STRINGS = NO;
				SWIFT_UPCOMING_FEATURE_MEMBER_IMPORT_VISIBILITY = YES;
				SWIFT_VERSION = 5.0;
				TARGETED_DEVICE_FAMILY = "1,2";
				TEST_HOST = "$(BUILT_PRODUCTS_DIR)/AudioCapture.app/$(BUNDLE_EXECUTABLE_FOLDER_PATH)/AudioCapture";
			};
			name = Release;
		};
		F0A0AE872F62F946009A449C /* Debug */ = {
			isa = XCBuildConfiguration;
			buildSettings = {
				BUNDLE_LOADER = "$(TEST_HOST)";
				CODE_SIGN_STYLE = Automatic;
				CURRENT_PROJECT_VERSION = 1;
				DEVELOPMENT_TEAM = 7G5J76FJ27;
				GENERATE_INFOPLIST_FILE = YES;
				MARKETING_VERSION = 1.0;
				PRODUCT_BUNDLE_IDENTIFIER = com.talalzeini.AudioCapture.AudioCaptureIntegrationTests;
				PRODUCT_NAME = "$(TARGET_NAME)";
				STRING_CATALOG_GENERATE_SYMBOLS = NO;
				SWIFT_APPROACHABLE_CONCURRENCY = YES;
				SWIFT_EMIT_LOC_STRINGS = NO;
				SWIFT_UPCOMING_FEATURE_MEMBER_IMPORT_VISIBILITY = YES;
				SWIFT_VERSION = 5.0;
				TARGETED_DEVICE_FAMILY = "1,2";
				TEST_HOST = "$(BUILT_PRODUCTS_DIR)/AudioCapture.app/$(BUNDLE_EXECUTABLE_FOLDER_PATH)/AudioCapture";
			};
			name = Debug;
		};
		F0A0AE882F62F946009A449C /* Release */ = {
			isa = XCBuildConfiguration;
			buildSettings = {
				BUNDLE_LOADER = "$(TEST_HOST)";
				CODE_SIGN_STYLE = Automatic;
				CURRENT_PROJECT_VERSION = 1;
				DEVELOPMENT_TEAM = 7G5J76FJ27;
				GENERATE_INFOPLIST_FILE = YES;
				MARKETING_VERSION = 1.0;
				PRODUCT_BUNDLE_IDENTIFIER = com.talalzeini.AudioCapture.AudioCaptureIntegrationTests;
				PRODUCT_NAME = "$(TARGET_NAME)";
				STRING_CATALOG_GENERATE_SYMBOLS = NO;
				SWIFT_APPROACHABLE_CONCURRENCY = YES;
				SWIFT_EMIT_LOC_STRINGS = NO;
				SWIFT_UPCOMING_FEATURE_MEMBER_IMPORT_VISIBILITY = YES;
				SWIFT_VERSION = 5.0;
				TARGETED_DEVICE_FAMILY = "1,2";
				TEST_HOST = "$(BUILT_PRODUCTS_DIR)/AudioCapture.app/$(BUNDLE_EXECUTABLE_FOLDER_PATH)/AudioCapture";
			};
			name = Release;
		};
		F0A0AE942F630011009A449C /* Debug */ = {
			isa = XCBuildConfiguration;
			buildSettings = {
				BUNDLE_LOADER = "$(TEST_HOST)";
				CODE_SIGN_STYLE = Automatic;
				CURRENT_PROJECT_VERSION = 1;
				DEVELOPMENT_TEAM = 7G5J76FJ27;
				GENERATE_INFOPLIST_FILE = YES;
				MARKETING_VERSION = 1.0;
				PRODUCT_BUNDLE_IDENTIFIER = com.talalzeini.AudioCapture.AudioCapturePerformanceTests;
				PRODUCT_NAME = "$(TARGET_NAME)";
				STRING_CATALOG_GENERATE_SYMBOLS = NO;
				SWIFT_APPROACHABLE_CONCURRENCY = YES;
				SWIFT_EMIT_LOC_STRINGS = NO;
				SWIFT_UPCOMING_FEATURE_MEMBER_IMPORT_VISIBILITY = YES;
				SWIFT_VERSION = 5.0;
				TARGETED_DEVICE_FAMILY = "1,2";
				TEST_HOST = "$(BUILT_PRODUCTS_DIR)/AudioCapture.app/$(BUNDLE_EXECUTABLE_FOLDER_PATH)/AudioCapture";
			};
			name = Debug;
		};
		F0A0AE952F630011009A449C /* Release */ = {
			isa = XCBuildConfiguration;
			buildSettings = {
				BUNDLE_LOADER = "$(TEST_HOST)";
				CODE_SIGN_STYLE = Automatic;
				CURRENT_PROJECT_VERSION = 1;
				DEVELOPMENT_TEAM = 7G5J76FJ27;
				GENERATE_INFOPLIST_FILE = YES;
				MARKETING_VERSION = 1.0;
				PRODUCT_BUNDLE_IDENTIFIER = com.talalzeini.AudioCapture.AudioCapturePerformanceTests;
				PRODUCT_NAME = "$(TARGET_NAME)";
				STRING_CATALOG_GENERATE_SYMBOLS = NO;
				SWIFT_APPROACHABLE_CONCURRENCY = YES;
				SWIFT_EMIT_LOC_STRINGS = NO;
				SWIFT_UPCOMING_FEATURE_MEMBER_IMPORT_VISIBILITY = YES;
				SWIFT_VERSION = 5.0;
				TARGETED_DEVICE_FAMILY = "1,2";
				TEST_HOST = "$(BUILT_PRODUCTS_DIR)/AudioCapture.app/$(BUNDLE_EXECUTABLE_FOLDER_PATH)/AudioCapture";
			};
			name = Release;
		};
/* End XCBuildConfiguration section */

/* Begin XCConfigurationList section */
		F0A0ABE52F627317009A449C /* Build configuration list for PBXProject "AudioCapture" */ = {
			isa = XCConfigurationList;
			buildConfigurations = (
				F0A0ABF52F62731A009A449C /* Debug */,
				F0A0ABF62F62731A009A449C /* Release */,
			);
			defaultConfigurationIsVisible = 0;
			defaultConfigurationName = Release;
		};
		F0A0ABF72F62731A009A449C /* Build configuration list for PBXNativeTarget "AudioCapture" */ = {
			isa = XCConfigurationList;
			buildConfigurations = (
				F0A0ABF82F62731A009A449C /* Debug */,
				F0A0ABF92F62731A009A449C /* Release */,
			);
			defaultConfigurationIsVisible = 0;
			defaultConfigurationName = Release;
		};
		F0A0ACCF2F628DC0009A449C /* Build configuration list for PBXNativeTarget "AudioCaptureWidgetsExtension" */ = {
			isa = XCConfigurationList;
			buildConfigurations = (
				F0A0ACD02F628DC0009A449C /* Debug */,
				F0A0ACD12F628DC0009A449C /* Release */,
			);
			defaultConfigurationIsVisible = 0;
			defaultConfigurationName = Release;
		};
		F0A0AE792F62F938009A449C /* Build configuration list for PBXNativeTarget "AudioCaptureTests" */ = {
			isa = XCConfigurationList;
			buildConfigurations = (
				F0A0AE7A2F62F938009A449C /* Debug */,
				F0A0AE7B2F62F938009A449C /* Release */,
			);
			defaultConfigurationIsVisible = 0;
			defaultConfigurationName = Release;
		};
		F0A0AE862F62F946009A449C /* Build configuration list for PBXNativeTarget "AudioCaptureIntegrationTests" */ = {
			isa = XCConfigurationList;
			buildConfigurations = (
				F0A0AE872F62F946009A449C /* Debug */,
				F0A0AE882F62F946009A449C /* Release */,
			);
			defaultConfigurationIsVisible = 0;
			defaultConfigurationName = Release;
		};
		F0A0AE932F630011009A449C /* Build configuration list for PBXNativeTarget "AudioCapturePerformanceTests" */ = {
			isa = XCConfigurationList;
			buildConfigurations = (
				F0A0AE942F630011009A449C /* Debug */,
				F0A0AE952F630011009A449C /* Release */,
			);
			defaultConfigurationIsVisible = 0;
			defaultConfigurationName = Release;
		};
/* End XCConfigurationList section */
	};
	rootObject = F0A0ABE22F627317009A449C /* Project object */;
}
